
Microsoft Visual Studio Solution File, Format Version 12.00
# Visual Studio 15
VisualStudioVersion = 15.0.27130.2036
MinimumVisualStudioVersion = 10.0.40219.1
Project("{9A19103F-16F7-4668-BE54-9A1E7A4F7556}") = "DewGraph", "DewGraph\DewGraph.csproj", "{5FB684A7-FFBB-4148-A63D-8FFE08907B23}"
EndProject
Project("{FAE04EC0-301F-11D3-BF4B-00C04F79EFBC}") = "Test", "Test\Test.csproj", "{6510852D-7015-4F1C-B22F-2A7F4A5F723A}"
EndProject
Global
	GlobalSection(SolutionConfigurationPlatforms) = preSolution
		Debug|Any CPU = Debug|Any CPU
		Release|Any CPU = Release|Any CPU
	EndGlobalSection
	GlobalSection(ProjectConfigurationPlatforms) = postSolution
		{5FB684A7-FFBB-4148-A63D-8FFE08907B23}.Debug|Any CPU.ActiveCfg = Debug|Any CPU
		{5FB684A7-FFBB-4148-A63D-8FFE08907B23}.Debug|Any CPU.Build.0 = Debug|Any CPU
		{5FB684A7-FFBB-4148-A63D-8FFE08907B23}.Release|Any CPU.ActiveCfg = Release|Any CPU
		{5FB684A7-FFBB-4148-A63D-8FFE08907B23}.Release|Any CPU.Build.0 = Release|Any CPU
		{6510852D-7015-4F1C-B22F-2A7F4A5F723A}.Debug|Any CPU.ActiveCfg = Debug|Any CPU
		{6510852D-7015-4F1C-B22F-2A7F4A5F723A}.Debug|Any CPU.Build.0 = Debug|Any CPU
		{6510852D-7015-4F1C-B22F-2A7F4A5F723A}.Release|Any CPU.ActiveCfg = Release|Any CPU
		{6510852D-7015-4F1C-B22F-2A7F4A5F723A}.Release|Any CPU.Build.0 = Release|Any CPU
	EndGlobalSection
	GlobalSection(SolutionProperties) = preSolution
		HideSolutionNode = FALSE
	EndGlobalSection
	GlobalSection(ExtensibilityGlobals) = postSolution
		SolutionGuid = {8CAB9DFF-DC94-4EEA-A50F-903D81184957}
	EndGlobalSection
EndGlobal
